
Microsoft Visual Studio Solution File, Format Version 12.00
# Visual Studio Version 16
VisualStudioVersion = 16.0.31727.386
MinimumVisualStudioVersion = 10.0.40219.1
Project("{FAE04EC0-301F-11D3-BF4B-00C04F79EFBC}") = "StudyStatistic", "StudyStatistic\StudyStatistic.csproj", "{F6E99FD1-1B7A-463F-9E8D-98B388599395}"
EndProject
Global
	GlobalSection(SolutionConfigurationPlatforms) = preSolution
		Debug|Any CPU = Debug|Any CPU
		Release|Any CPU = Release|Any CPU
	EndGlobalSection
	GlobalSection(ProjectConfigurationPlatforms) = postSolution
		{F6E99FD1-1B7A-463F-9E8D-98B388599395}.Debug|Any CPU.ActiveCfg = Debug|Any CPU
		{F6E99FD1-1B7A-463F-9E8D-98B388599395}.Debug|Any CPU.Build.0 = Debug|Any CPU
		{F6E99FD1-1B7A-463F-9E8D-98B388599395}.Release|Any CPU.ActiveCfg = Release|Any CPU
		{F6E99FD1-1B7A-463F-9E8D-98B388599395}.Release|Any CPU.Build.0 = Release|Any CPU
	EndGlobalSection
	GlobalSection(SolutionProperties) = preSolution
		HideSolutionNode = FALSE
	EndGlobalSection
	GlobalSection(ExtensibilityGlobals) = postSolution
		SolutionGuid = {6F3D85D0-770E-4A03-A783-79DA22447F4B}
	EndGlobalSection
EndGlobal
